{
  "pins" : [
    {
      "identity" : "camera-swiftui",
      "kind" : "remoteSourceControl",
      "location" : "https://github.com/rorodriguez116/Camera-SwiftUI.git",
      "state" : {
        "revision" : "a83ad04ec213095e14d71491af8b55e7575a7b40",
        "version" : "0.5.0"
      }
    },
    {
      "identity" : "scrollkit",
      "kind" : "remoteSourceControl",
      "location" : "https://github.com/danielsaidi/ScrollKit",
      "state" : {
        "revision" : "7502b326742f7fcd14c4c2ebb8c0d50c5dacbdcc",
        "version" : "0.4.0"
      }
    }
  ],
  "version" : 2
}
