// !$*UTF8*$!
{
	archiveVersion = 1;
	classes = {
	};
	objectVersion = 56;
	objects = {

/* Begin PBXBuildFile section */
		1E4269122B51AC3D0000984E /* BlooplyApp.swift in Sources */ = {isa = PBXBuildFile; fileRef = 1E4269112B51AC3D0000984E /* BlooplyApp.swift */; };
		1E4269142B51AC3D0000984E /* ContentView.swift in Sources */ = {isa = PBXBuildFile; fileRef = 1E4269132B51AC3D0000984E /* ContentView.swift */; };
		1E4269162B51AC3D0000984E /* Item.swift in Sources */ = {isa = PBXBuildFile; fileRef = 1E4269152B51AC3D0000984E /* Item.swift */; };
		1E4269182B51AC3F0000984E /* Assets.xcassets in Resources */ = {isa = PBXBuildFile; fileRef = 1E4269172B51AC3F0000984E /* Assets.xcassets */; };
		1E42691B2B51AC3F0000984E /* Preview Assets.xcassets in Resources */ = {isa = PBXBuildFile; fileRef = 1E42691A2B51AC3F0000984E /* Preview Assets.xcassets */; };
		1E4269232B51C3620000984E /* BottomBarView.swift in Sources */ = {isa = PBXBuildFile; fileRef = 1E4269222B51C3620000984E /* BottomBarView.swift */; };
		1E4269252B51C4EF0000984E /* ConvoRowView.swift in Sources */ = {isa = PBXBuildFile; fileRef = 1E4269242B51C4EF0000984E /* ConvoRowView.swift */; };
		1E4269282B51DCC10000984E /* ConvosManager.swift in Sources */ = {isa = PBXBuildFile; fileRef = 1E4269272B51DCC10000984E /* ConvosManager.swift */; };
		1E42692B2B51E10D0000984E /* ScrollKit in Frameworks */ = {isa = PBXBuildFile; productRef = 1E42692A2B51E10D0000984E /* ScrollKit */; };
		1E7C004A2B521D9300069ED0 /* View+Extension.swift in Sources */ = {isa = PBXBuildFile; fileRef = 1E7C00492B521D9300069ED0 /* View+Extension.swift */; };
		1EABCC062B520F7100EB782E /* Camera-SwiftUI in Frameworks */ = {isa = PBXBuildFile; productRef = 1EABCC052B520F7100EB782E /* Camera-SwiftUI */; };
		1EABCC082B5210C900EB782E /* CameraSheetView.swift in Sources */ = {isa = PBXBuildFile; fileRef = 1EABCC072B5210C900EB782E /* CameraSheetView.swift */; };
		1EABCC0A2B52144000EB782E /* VariableBlur.swift in Sources */ = {isa = PBXBuildFile; fileRef = 1EABCC092B52144000EB782E /* VariableBlur.swift */; };
/* End PBXBuildFile section */

/* Begin PBXFileReference section */
		1E42690E2B51AC3D0000984E /* Blooply.app */ = {isa = PBXFileReference; explicitFileType = wrapper.application; includeInIndex = 0; path = Blooply.app; sourceTree = BUILT_PRODUCTS_DIR; };
		1E4269112B51AC3D0000984E /* BlooplyApp.swift */ = {isa = PBXFileReference; lastKnownFileType = sourcecode.swift; path = BlooplyApp.swift; sourceTree = "<group>"; };
		1E4269132B51AC3D0000984E /* ContentView.swift */ = {isa = PBXFileReference; lastKnownFileType = sourcecode.swift; path = ContentView.swift; sourceTree = "<group>"; };
		1E4269152B51AC3D0000984E /* Item.swift */ = {isa = PBXFileReference; lastKnownFileType = sourcecode.swift; path = Item.swift; sourceTree = "<group>"; };
		1E4269172B51AC3F0000984E /* Assets.xcassets */ = {isa = PBXFileReference; lastKnownFileType = folder.assetcatalog; path = Assets.xcassets; sourceTree = "<group>"; };
		1E42691A2B51AC3F0000984E /* Preview Assets.xcassets */ = {isa = PBXFileReference; lastKnownFileType = folder.assetcatalog; path = "Preview Assets.xcassets"; sourceTree = "<group>"; };
		1E4269222B51C3620000984E /* BottomBarView.swift */ = {isa = PBXFileReference; lastKnownFileType = sourcecode.swift; path = BottomBarView.swift; sourceTree = "<group>"; };
		1E4269242B51C4EF0000984E /* ConvoRowView.swift */ = {isa = PBXFileReference; lastKnownFileType = sourcecode.swift; path = ConvoRowView.swift; sourceTree = "<group>"; };
		1E4269272B51DCC10000984E /* ConvosManager.swift */ = {isa = PBXFileReference; lastKnownFileType = sourcecode.swift; path = ConvosManager.swift; sourceTree = "<group>"; };
		1E7C00492B521D9300069ED0 /* View+Extension.swift */ = {isa = PBXFileReference; lastKnownFileType = sourcecode.swift; path = "View+Extension.swift"; sourceTree = "<group>"; };
		1EABCC072B5210C900EB782E /* CameraSheetView.swift */ = {isa = PBXFileReference; lastKnownFileType = sourcecode.swift; path = CameraSheetView.swift; sourceTree = "<group>"; };
		1EABCC092B52144000EB782E /* VariableBlur.swift */ = {isa = PBXFileReference; lastKnownFileType = sourcecode.swift; path = VariableBlur.swift; sourceTree = "<group>"; };
/* End PBXFileReference section */

/* Begin PBXFrameworksBuildPhase section */
		1E42690B2B51AC3D0000984E /* Frameworks */ = {
			isa = PBXFrameworksBuildPhase;
			buildActionMask = 2147483647;
			files = (
				1E42692B2B51E10D0000984E /* ScrollKit in Frameworks */,
				1EABCC062B520F7100EB782E /* Camera-SwiftUI in Frameworks */,
			);
			runOnlyForDeploymentPostprocessing = 0;
		};
/* End PBXFrameworksBuildPhase section */

/* Begin PBXGroup section */
		1E4269052B51AC3D0000984E = {
			isa = PBXGroup;
			children = (
				1E4269102B51AC3D0000984E /* Blooply */,
				1E42690F2B51AC3D0000984E /* Products */,
			);
			sourceTree = "<group>";
		};
		1E42690F2B51AC3D0000984E /* Products */ = {
			isa = PBXGroup;
			children = (
				1E42690E2B51AC3D0000984E /* Blooply.app */,
			);
			name = Products;
			sourceTree = "<group>";
		};
		1E4269102B51AC3D0000984E /* Blooply */ = {
			isa = PBXGroup;
			children = (
				1E7C00482B521D8B00069ED0 /* Extensions */,
				1E4269262B51DCB90000984E /* Model */,
				1E4269212B51C17B0000984E /* Views */,
				1E4269112B51AC3D0000984E /* BlooplyApp.swift */,
				1E4269152B51AC3D0000984E /* Item.swift */,
				1E4269172B51AC3F0000984E /* Assets.xcassets */,
				1E4269192B51AC3F0000984E /* Preview Content */,
				1EABCC092B52144000EB782E /* VariableBlur.swift */,
			);
			path = Blooply;
			sourceTree = "<group>";
		};
		1E4269192B51AC3F0000984E /* Preview Content */ = {
			isa = PBXGroup;
			children = (
				1E42691A2B51AC3F0000984E /* Preview Assets.xcassets */,
			);
			path = "Preview Content";
			sourceTree = "<group>";
		};
		1E4269212B51C17B0000984E /* Views */ = {
			isa = PBXGroup;
			children = (
				1E4269132B51AC3D0000984E /* ContentView.swift */,
				1E4269222B51C3620000984E /* BottomBarView.swift */,
				1E4269242B51C4EF0000984E /* ConvoRowView.swift */,
				1EABCC072B5210C900EB782E /* CameraSheetView.swift */,
			);
			path = Views;
			sourceTree = "<group>";
		};
		1E4269262B51DCB90000984E /* Model */ = {
			isa = PBXGroup;
			children = (
				1E4269272B51DCC10000984E /* ConvosManager.swift */,
			);
			path = Model;
			sourceTree = "<group>";
		};
		1E7C00482B521D8B00069ED0 /* Extensions */ = {
			isa = PBXGroup;
			children = (
				1E7C00492B521D9300069ED0 /* View+Extension.swift */,
			);
			path = Extensions;
			sourceTree = "<group>";
		};
/* End PBXGroup section */

/* Begin PBXNativeTarget section */
		1E42690D2B51AC3D0000984E /* Blooply */ = {
			isa = PBXNativeTarget;
			buildConfigurationList = 1E42691E2B51AC3F0000984E /* Build configuration list for PBXNativeTarget "Blooply" */;
			buildPhases = (
				1E42690A2B51AC3D0000984E /* Sources */,
				1E42690B2B51AC3D0000984E /* Frameworks */,
				1E42690C2B51AC3D0000984E /* Resources */,
			);
			buildRules = (
			);
			dependencies = (
			);
			name = Blooply;
			packageProductDependencies = (
				1E42692A2B51E10D0000984E /* ScrollKit */,
				1EABCC052B520F7100EB782E /* Camera-SwiftUI */,
			);
			productName = Blooply;
			productReference = 1E42690E2B51AC3D0000984E /* Blooply.app */;
			productType = "com.apple.product-type.application";
		};
/* End PBXNativeTarget section */

/* Begin PBXProject section */
		1E4269062B51AC3D0000984E /* Project object */ = {
			isa = PBXProject;
			attributes = {
				BuildIndependentTargetsInParallel = 1;
				LastSwiftUpdateCheck = 1500;
				LastUpgradeCheck = 1500;
				TargetAttributes = {
					1E42690D2B51AC3D0000984E = {
						CreatedOnToolsVersion = 15.0;
					};
				};
			};
			buildConfigurationList = 1E4269092B51AC3D0000984E /* Build configuration list for PBXProject "Blooply" */;
			compatibilityVersion = "Xcode 14.0";
			developmentRegion = en;
			hasScannedForEncodings = 0;
			knownRegions = (
				en,
				Base,
			);
			mainGroup = 1E4269052B51AC3D0000984E;
			packageReferences = (
				1E4269292B51E10D0000984E /* XCRemoteSwiftPackageReference "ScrollKit" */,
				1EABCC042B520F7100EB782E /* XCRemoteSwiftPackageReference "Camera-SwiftUI" */,
			);
			productRefGroup = 1E42690F2B51AC3D0000984E /* Products */;
			projectDirPath = "";
			projectRoot = "";
			targets = (
				1E42690D2B51AC3D0000984E /* Blooply */,
			);
		};
/* End PBXProject section */

/* Begin PBXResourcesBuildPhase section */
		1E42690C2B51AC3D0000984E /* Resources */ = {
			isa = PBXResourcesBuildPhase;
			buildActionMask = 2147483647;
			files = (
				1E42691B2B51AC3F0000984E /* Preview Assets.xcassets in Resources */,
				1E4269182B51AC3F0000984E /* Assets.xcassets in Resources */,
			);
			runOnlyForDeploymentPostprocessing = 0;
		};
/* End PBXResourcesBuildPhase section */

/* Begin PBXSourcesBuildPhase section */
		1E42690A2B51AC3D0000984E /* Sources */ = {
			isa = PBXSourcesBuildPhase;
			buildActionMask = 2147483647;
			files = (
				1EABCC0A2B52144000EB782E /* VariableBlur.swift in Sources */,
				1E4269142B51AC3D0000984E /* ContentView.swift in Sources */,
				1E4269162B51AC3D0000984E /* Item.swift in Sources */,
				1E4269252B51C4EF0000984E /* ConvoRowView.swift in Sources */,
				1E4269122B51AC3D0000984E /* BlooplyApp.swift in Sources */,
				1E4269232B51C3620000984E /* BottomBarView.swift in Sources */,
				1E4269282B51DCC10000984E /* ConvosManager.swift in Sources */,
				1E7C004A2B521D9300069ED0 /* View+Extension.swift in Sources */,
				1EABCC082B5210C900EB782E /* CameraSheetView.swift in Sources */,
			);
			runOnlyForDeploymentPostprocessing = 0;
		};
/* End PBXSourcesBuildPhase section */

/* Begin XCBuildConfiguration section */
		1E42691C2B51AC3F0000984E /* Debug */ = {
			isa = XCBuildConfiguration;
			buildSettings = {
				ALWAYS_SEARCH_USER_PATHS = NO;
				ASSETCATALOG_COMPILER_GENERATE_SWIFT_ASSET_SYMBOL_EXTENSIONS = YES;
				CLANG_ANALYZER_NONNULL = YES;
				CLANG_ANALYZER_NUMBER_OBJECT_CONVERSION = YES_AGGRESSIVE;
				CLANG_CXX_LANGUAGE_STANDARD = "gnu++20";
				CLANG_ENABLE_MODULES = YES;
				CLANG_ENABLE_OBJC_ARC = YES;
				CLANG_ENABLE_OBJC_WEAK = YES;
				CLANG_WARN_BLOCK_CAPTURE_AUTORELEASING = YES;
				CLANG_WARN_BOOL_CONVERSION = YES;
				CLANG_WARN_COMMA = YES;
				CLANG_WARN_CONSTANT_CONVERSION = YES;
				CLANG_WARN_DEPRECATED_OBJC_IMPLEMENTATIONS = YES;
				CLANG_WARN_DIRECT_OBJC_ISA_USAGE = YES_ERROR;
				CLANG_WARN_DOCUMENTATION_COMMENTS = YES;
				CLANG_WARN_EMPTY_BODY = YES;
				CLANG_WARN_ENUM_CONVERSION = YES;
				CLANG_WARN_INFINITE_RECURSION = YES;
				CLANG_WARN_INT_CONVERSION = YES;
				CLANG_WARN_NON_LITERAL_NULL_CONVERSION = YES;
				CLANG_WARN_OBJC_IMPLICIT_RETAIN_SELF = YES;
				CLANG_WARN_OBJC_LITERAL_CONVERSION = YES;
				CLANG_WARN_OBJC_ROOT_CLASS = YES_ERROR;
				CLANG_WARN_QUOTED_INCLUDE_IN_FRAMEWORK_HEADER = YES;
				CLANG_WARN_RANGE_LOOP_ANALYSIS = YES;
				CLANG_WARN_STRICT_PROTOTYPES = YES;
				CLANG_WARN_SUSPICIOUS_MOVE = YES;
				CLANG_WARN_UNGUARDED_AVAILABILITY = YES_AGGRESSIVE;
				CLANG_WARN_UNREACHABLE_CODE = YES;
				CLANG_WARN__DUPLICATE_METHOD_MATCH = YES;
				COPY_PHASE_STRIP = NO;
				DEBUG_INFORMATION_FORMAT = dwarf;
				ENABLE_STRICT_OBJC_MSGSEND = YES;
				ENABLE_TESTABILITY = YES;
				ENABLE_USER_SCRIPT_SANDBOXING = YES;
				GCC_C_LANGUAGE_STANDARD = gnu17;
				GCC_DYNAMIC_NO_PIC = NO;
				GCC_NO_COMMON_BLOCKS = YES;
				GCC_OPTIMIZATION_LEVEL = 0;
				GCC_PREPROCESSOR_DEFINITIONS = (
					"DEBUG=1",
					"$(inherited)",
				);
				GCC_WARN_64_TO_32_BIT_CONVERSION = YES;
				GCC_WARN_ABOUT_RETURN_TYPE = YES_ERROR;
				GCC_WARN_UNDECLARED_SELECTOR = YES;
				GCC_WARN_UNINITIALIZED_AUTOS = YES_AGGRESSIVE;
				GCC_WARN_UNUSED_FUNCTION = YES;
				GCC_WARN_UNUSED_VARIABLE = YES;
				IPHONEOS_DEPLOYMENT_TARGET = 17.0;
				LOCALIZATION_PREFERS_STRING_CATALOGS = YES;
				MTL_ENABLE_DEBUG_INFO = INCLUDE_SOURCE;
				MTL_FAST_MATH = YES;
				ONLY_ACTIVE_ARCH = YES;
				SDKROOT = iphoneos;
				SWIFT_ACTIVE_COMPILATION_CONDITIONS = "DEBUG $(inherited)";
				SWIFT_OPTIMIZATION_LEVEL = "-Onone";
			};
			name = Debug;
		};
		1E42691D2B51AC3F0000984E /* Release */ = {
			isa = XCBuildConfiguration;
			buildSettings = {
				ALWAYS_SEARCH_USER_PATHS = NO;
				ASSETCATALOG_COMPILER_GENERATE_SWIFT_ASSET_SYMBOL_EXTENSIONS = YES;
				CLANG_ANALYZER_NONNULL = YES;
				CLANG_ANALYZER_NUMBER_OBJECT_CONVERSION = YES_AGGRESSIVE;
				CLANG_CXX_LANGUAGE_STANDARD = "gnu++20";
				CLANG_ENABLE_MODULES = YES;
				CLANG_ENABLE_OBJC_ARC = YES;
				CLANG_ENABLE_OBJC_WEAK = YES;
				CLANG_WARN_BLOCK_CAPTURE_AUTORELEASING = YES;
				CLANG_WARN_BOOL_CONVERSION = YES;
				CLANG_WARN_COMMA = YES;
				CLANG_WARN_CONSTANT_CONVERSION = YES;
				CLANG_WARN_DEPRECATED_OBJC_IMPLEMENTATIONS = YES;
				CLANG_WARN_DIRECT_OBJC_ISA_USAGE = YES_ERROR;
				CLANG_WARN_DOCUMENTATION_COMMENTS = YES;
				CLANG_WARN_EMPTY_BODY = YES;
				CLANG_WARN_ENUM_CONVERSION = YES;
				CLANG_WARN_INFINITE_RECURSION = YES;
				CLANG_WARN_INT_CONVERSION = YES;
				CLANG_WARN_NON_LITERAL_NULL_CONVERSION = YES;
				CLANG_WARN_OBJC_IMPLICIT_RETAIN_SELF = YES;
				CLANG_WARN_OBJC_LITERAL_CONVERSION = YES;
				CLANG_WARN_OBJC_ROOT_CLASS = YES_ERROR;
				CLANG_WARN_QUOTED_INCLUDE_IN_FRAMEWORK_HEADER = YES;
				CLANG_WARN_RANGE_LOOP_ANALYSIS = YES;
				CLANG_WARN_STRICT_PROTOTYPES = YES;
				CLANG_WARN_SUSPICIOUS_MOVE = YES;
				CLANG_WARN_UNGUARDED_AVAILABILITY = YES_AGGRESSIVE;
				CLANG_WARN_UNREACHABLE_CODE = YES;
				CLANG_WARN__DUPLICATE_METHOD_MATCH = YES;
				COPY_PHASE_STRIP = NO;
				DEBUG_INFORMATION_FORMAT = "dwarf-with-dsym";
				ENABLE_NS_ASSERTIONS = NO;
				ENABLE_STRICT_OBJC_MSGSEND = YES;
				ENABLE_USER_SCRIPT_SANDBOXING = YES;
				GCC_C_LANGUAGE_STANDARD = gnu17;
				GCC_NO_COMMON_BLOCKS = YES;
				GCC_WARN_64_TO_32_BIT_CONVERSION = YES;
				GCC_WARN_ABOUT_RETURN_TYPE = YES_ERROR;
				GCC_WARN_UNDECLARED_SELECTOR = YES;
				GCC_WARN_UNINITIALIZED_AUTOS = YES_AGGRESSIVE;
				GCC_WARN_UNUSED_FUNCTION = YES;
				GCC_WARN_UNUSED_VARIABLE = YES;
				IPHONEOS_DEPLOYMENT_TARGET = 17.0;
				LOCALIZATION_PREFERS_STRING_CATALOGS = YES;
				MTL_ENABLE_DEBUG_INFO = NO;
				MTL_FAST_MATH = YES;
				SDKROOT = iphoneos;
				SWIFT_COMPILATION_MODE = wholemodule;
				VALIDATE_PRODUCT = YES;
			};
			name = Release;
		};
		1E42691F2B51AC3F0000984E /* Debug */ = {
			isa = XCBuildConfiguration;
			buildSettings = {
				ASSETCATALOG_COMPILER_APPICON_NAME = AppIcon;
				ASSETCATALOG_COMPILER_GLOBAL_ACCENT_COLOR_NAME = AccentColor;
				CODE_SIGN_STYLE = Automatic;
				CURRENT_PROJECT_VERSION = 1;
				DEVELOPMENT_ASSET_PATHS = "\"Blooply/Preview Content\"";
				DEVELOPMENT_TEAM = J85899W596;
				ENABLE_PREVIEWS = YES;
				GENERATE_INFOPLIST_FILE = YES;
				INFOPLIST_KEY_NSCameraUsageDescription = "We need your camera to talk with AI";
				INFOPLIST_KEY_UIApplicationSceneManifest_Generation = YES;
				INFOPLIST_KEY_UIApplicationSupportsIndirectInputEvents = YES;
				INFOPLIST_KEY_UILaunchScreen_Generation = YES;
				INFOPLIST_KEY_UISupportedInterfaceOrientations_iPad = "UIInterfaceOrientationPortrait UIInterfaceOrientationPortraitUpsideDown UIInterfaceOrientationLandscapeLeft UIInterfaceOrientationLandscapeRight";
				INFOPLIST_KEY_UISupportedInterfaceOrientations_iPhone = "UIInterfaceOrientationPortrait UIInterfaceOrientationLandscapeLeft UIInterfaceOrientationLandscapeRight";
				LD_RUNPATH_SEARCH_PATHS = (
					"$(inherited)",
					"@executable_path/Frameworks",
				);
				MARKETING_VERSION = 1.0;
				PRODUCT_BUNDLE_IDENTIFIER = tech.miguelferreira.Blooply;
				PRODUCT_NAME = "$(TARGET_NAME)";
				SWIFT_EMIT_LOC_STRINGS = YES;
				SWIFT_VERSION = 5.0;
				TARGETED_DEVICE_FAMILY = "1,2";
			};
			name = Debug;
		};
		1E4269202B51AC3F0000984E /* Release */ = {
			isa = XCBuildConfiguration;
			buildSettings = {
				ASSETCATALOG_COMPILER_APPICON_NAME = AppIcon;
				ASSETCATALOG_COMPILER_GLOBAL_ACCENT_COLOR_NAME = AccentColor;
				CODE_SIGN_STYLE = Automatic;
				CURRENT_PROJECT_VERSION = 1;
				DEVELOPMENT_ASSET_PATHS = "\"Blooply/Preview Content\"";
				DEVELOPMENT_TEAM = J85899W596;
				ENABLE_PREVIEWS = YES;
				GENERATE_INFOPLIST_FILE = YES;
				INFOPLIST_KEY_NSCameraUsageDescription = "We need your camera to talk with AI";
				INFOPLIST_KEY_UIApplicationSceneManifest_Generation = YES;
				INFOPLIST_KEY_UIApplicationSupportsIndirectInputEvents = YES;
				INFOPLIST_KEY_UILaunchScreen_Generation = YES;
				INFOPLIST_KEY_UISupportedInterfaceOrientations_iPad = "UIInterfaceOrientationPortrait UIInterfaceOrientationPortraitUpsideDown UIInterfaceOrientationLandscapeLeft UIInterfaceOrientationLandscapeRight";
				INFOPLIST_KEY_UISupportedInterfaceOrientations_iPhone = "UIInterfaceOrientationPortrait UIInterfaceOrientationLandscapeLeft UIInterfaceOrientationLandscapeRight";
				LD_RUNPATH_SEARCH_PATHS = (
					"$(inherited)",
					"@executable_path/Frameworks",
				);
				MARKETING_VERSION = 1.0;
				PRODUCT_BUNDLE_IDENTIFIER = tech.miguelferreira.Blooply;
				PRODUCT_NAME = "$(TARGET_NAME)";
				SWIFT_EMIT_LOC_STRINGS = YES;
				SWIFT_VERSION = 5.0;
				TARGETED_DEVICE_FAMILY = "1,2";
			};
			name = Release;
		};
/* End XCBuildConfiguration section */

/* Begin XCConfigurationList section */
		1E4269092B51AC3D0000984E /* Build configuration list for PBXProject "Blooply" */ = {
			isa = XCConfigurationList;
			buildConfigurations = (
				1E42691C2B51AC3F0000984E /* Debug */,
				1E42691D2B51AC3F0000984E /* Release */,
			);
			defaultConfigurationIsVisible = 0;
			defaultConfigurationName = Release;
		};
		1E42691E2B51AC3F0000984E /* Build configuration list for PBXNativeTarget "Blooply" */ = {
			isa = XCConfigurationList;
			buildConfigurations = (
				1E42691F2B51AC3F0000984E /* Debug */,
				1E4269202B51AC3F0000984E /* Release */,
			);
			defaultConfigurationIsVisible = 0;
			defaultConfigurationName = Release;
		};
/* End XCConfigurationList section */

/* Begin XCRemoteSwiftPackageReference section */
		1E4269292B51E10D0000984E /* XCRemoteSwiftPackageReference "ScrollKit" */ = {
			isa = XCRemoteSwiftPackageReference;
			repositoryURL = "https://github.com/danielsaidi/ScrollKit";
			requirement = {
				kind = upToNextMajorVersion;
				minimumVersion = 0.4.0;
			};
		};
		1EABCC042B520F7100EB782E /* XCRemoteSwiftPackageReference "Camera-SwiftUI" */ = {
			isa = XCRemoteSwiftPackageReference;
			repositoryURL = "https://github.com/rorodriguez116/Camera-SwiftUI.git";
			requirement = {
				kind = upToNextMajorVersion;
				minimumVersion = 0.5.0;
			};
		};
/* End XCRemoteSwiftPackageReference section */

/* Begin XCSwiftPackageProductDependency section */
		1E42692A2B51E10D0000984E /* ScrollKit */ = {
			isa = XCSwiftPackageProductDependency;
			package = 1E4269292B51E10D0000984E /* XCRemoteSwiftPackageReference "ScrollKit" */;
			productName = ScrollKit;
		};
		1EABCC052B520F7100EB782E /* Camera-SwiftUI */ = {
			isa = XCSwiftPackageProductDependency;
			package = 1EABCC042B520F7100EB782E /* XCRemoteSwiftPackageReference "Camera-SwiftUI" */;
			productName = "Camera-SwiftUI";
		};
/* End XCSwiftPackageProductDependency section */
	};
	rootObject = 1E4269062B51AC3D0000984E /* Project object */;
}
